
Microsoft Visual Studio Solution File, Format Version 12.00
# Visual Studio Version 17
VisualStudioVersion = 17.5.002.0
MinimumVisualStudioVersion = 10.0.40219.1
Project("{2150E333-8FDC-42A3-9474-1A3956D46DE8}") = "csharp-hello_world", "csharp-hello_world", "{6C4CB820-DC0B-49E6-BC7F-7A636B39D9F6}"
EndProject
Project("{9A19103F-16F7-4668-BE54-9A1E7A4F7556}") = "2-new_project", "csharp-hello_world\2-new_project\2-new_project.csproj", "{12869688-9AC1-4B58-A60F-9FF6098CE99A}"
EndProject
Global
	GlobalSection(SolutionConfigurationPlatforms) = preSolution
		Debug|Any CPU = Debug|Any CPU
		Release|Any CPU = Release|Any CPU
	EndGlobalSection
	GlobalSection(ProjectConfigurationPlatforms) = postSolution
		{12869688-9AC1-4B58-A60F-9FF6098CE99A}.Debug|Any CPU.ActiveCfg = Debug|Any CPU
		{12869688-9AC1-4B58-A60F-9FF6098CE99A}.Debug|Any CPU.Build.0 = Debug|Any CPU
		{12869688-9AC1-4B58-A60F-9FF6098CE99A}.Release|Any CPU.ActiveCfg = Release|Any CPU
		{12869688-9AC1-4B58-A60F-9FF6098CE99A}.Release|Any CPU.Build.0 = Release|Any CPU
	EndGlobalSection
	GlobalSection(SolutionProperties) = preSolution
		HideSolutionNode = FALSE
	EndGlobalSection
	GlobalSection(NestedProjects) = preSolution
		{12869688-9AC1-4B58-A60F-9FF6098CE99A} = {6C4CB820-DC0B-49E6-BC7F-7A636B39D9F6}
	EndGlobalSection
	GlobalSection(ExtensibilityGlobals) = postSolution
		SolutionGuid = {6A5147F3-9C87-4400-A0BA-D91FAB4F437E}
	EndGlobalSection
EndGlobal
