
Microsoft Visual Studio Solution File, Format Version 12.00
# Visual Studio Version 17
VisualStudioVersion = 17.0.31903.59
MinimumVisualStudioVersion = 10.0.40219.1
Project("{FAE04EC0-301F-11D3-BF4B-00C04F79EFBC}") = "MyMath", "MyMath\MyMath.csproj", "{AA94C1B8-2E8D-4C2F-9672-ED28B883E674}"
EndProject
Project("{FAE04EC0-301F-11D3-BF4B-00C04F79EFBC}") = "MyMath.Tests", "MyMath.Tests\MyMath.Tests.csproj", "{4F3723CE-CC58-43F3-976E-B398311693F8}"
EndProject
Global
	GlobalSection(SolutionConfigurationPlatforms) = preSolution
		Debug|Any CPU = Debug|Any CPU
		Release|Any CPU = Release|Any CPU
	EndGlobalSection
	GlobalSection(SolutionProperties) = preSolution
		HideSolutionNode = FALSE
	EndGlobalSection
	GlobalSection(ProjectConfigurationPlatforms) = postSolution
		{AA94C1B8-2E8D-4C2F-9672-ED28B883E674}.Debug|Any CPU.ActiveCfg = Debug|Any CPU
		{AA94C1B8-2E8D-4C2F-9672-ED28B883E674}.Debug|Any CPU.Build.0 = Debug|Any CPU
		{AA94C1B8-2E8D-4C2F-9672-ED28B883E674}.Release|Any CPU.ActiveCfg = Release|Any CPU
		{AA94C1B8-2E8D-4C2F-9672-ED28B883E674}.Release|Any CPU.Build.0 = Release|Any CPU
		{4F3723CE-CC58-43F3-976E-B398311693F8}.Debug|Any CPU.ActiveCfg = Debug|Any CPU
		{4F3723CE-CC58-43F3-976E-B398311693F8}.Debug|Any CPU.Build.0 = Debug|Any CPU
		{4F3723CE-CC58-43F3-976E-B398311693F8}.Release|Any CPU.ActiveCfg = Release|Any CPU
		{4F3723CE-CC58-43F3-976E-B398311693F8}.Release|Any CPU.Build.0 = Release|Any CPU
	EndGlobalSection
EndGlobal
