
Microsoft Visual Studio Solution File, Format Version 12.00
# Visual Studio Version 17
VisualStudioVersion = 17.0.31903.59
MinimumVisualStudioVersion = 10.0.40219.1
Project("{FAE04EC0-301F-11D3-BF4B-00C04F79EFBC}") = "MyMath", "MyMath\MyMath.csproj", "{CB2EC45F-6D40-4D15-8501-80673A027D5E}"
EndProject
Project("{FAE04EC0-301F-11D3-BF4B-00C04F79EFBC}") = "MyMath.Tests", "MyMath.Tests\MyMath.Tests.csproj", "{21B7E80E-7AAD-4E2A-BD76-93BD95FEB979}"
EndProject
Global
	GlobalSection(SolutionConfigurationPlatforms) = preSolution
		Debug|Any CPU = Debug|Any CPU
		Release|Any CPU = Release|Any CPU
	EndGlobalSection
	GlobalSection(SolutionProperties) = preSolution
		HideSolutionNode = FALSE
	EndGlobalSection
	GlobalSection(ProjectConfigurationPlatforms) = postSolution
		{CB2EC45F-6D40-4D15-8501-80673A027D5E}.Debug|Any CPU.ActiveCfg = Debug|Any CPU
		{CB2EC45F-6D40-4D15-8501-80673A027D5E}.Debug|Any CPU.Build.0 = Debug|Any CPU
		{CB2EC45F-6D40-4D15-8501-80673A027D5E}.Release|Any CPU.ActiveCfg = Release|Any CPU
		{CB2EC45F-6D40-4D15-8501-80673A027D5E}.Release|Any CPU.Build.0 = Release|Any CPU
		{21B7E80E-7AAD-4E2A-BD76-93BD95FEB979}.Debug|Any CPU.ActiveCfg = Debug|Any CPU
		{21B7E80E-7AAD-4E2A-BD76-93BD95FEB979}.Debug|Any CPU.Build.0 = Debug|Any CPU
		{21B7E80E-7AAD-4E2A-BD76-93BD95FEB979}.Release|Any CPU.ActiveCfg = Release|Any CPU
		{21B7E80E-7AAD-4E2A-BD76-93BD95FEB979}.Release|Any CPU.Build.0 = Release|Any CPU
	EndGlobalSection
EndGlobal
